
Microsoft Visual Studio Solution File, Format Version 12.00
# Visual Studio Version 16
VisualStudioVersion = 16.0.31105.61
MinimumVisualStudioVersion = 10.0.40219.1
Project("{8BC9CEB8-8B4A-11D0-8D11-00A0C91BC942}") = "Client", "Client\Client.vcxproj", "{4A56542D-ED8D-4E77-96E1-B61EEE0D62ED}"
EndProject
Project("{8BC9CEB8-8B4A-11D0-8D11-00A0C91BC942}") = "Engine", "Engine\Engine.vcxproj", "{44DC1D9A-D091-48F5-88C6-9E69A1B86BD2}"
EndProject
Global
	GlobalSection(SolutionConfigurationPlatforms) = preSolution
		Debug|x64 = Debug|x64
		Debug|x86 = Debug|x86
		Release|x64 = Release|x64
		Release|x86 = Release|x86
	EndGlobalSection
	GlobalSection(ProjectConfigurationPlatforms) = postSolution
		{4A56542D-ED8D-4E77-96E1-B61EEE0D62ED}.Debug|x64.ActiveCfg = Debug|x64
		{4A56542D-ED8D-4E77-96E1-B61EEE0D62ED}.Debug|x64.Build.0 = Debug|x64
		{4A56542D-ED8D-4E77-96E1-B61EEE0D62ED}.Debug|x86.ActiveCfg = Debug|Win32
		{4A56542D-ED8D-4E77-96E1-B61EEE0D62ED}.Debug|x86.Build.0 = Debug|Win32
		{4A56542D-ED8D-4E77-96E1-B61EEE0D62ED}.Release|x64.ActiveCfg = Release|x64
		{4A56542D-ED8D-4E77-96E1-B61EEE0D62ED}.Release|x64.Build.0 = Release|x64
		{4A56542D-ED8D-4E77-96E1-B61EEE0D62ED}.Release|x86.ActiveCfg = Release|Win32
		{4A56542D-ED8D-4E77-96E1-B61EEE0D62ED}.Release|x86.Build.0 = Release|Win32
		{44DC1D9A-D091-48F5-88C6-9E69A1B86BD2}.Debug|x64.ActiveCfg = Debug|x64
		{44DC1D9A-D091-48F5-88C6-9E69A1B86BD2}.Debug|x64.Build.0 = Debug|x64
		{44DC1D9A-D091-48F5-88C6-9E69A1B86BD2}.Debug|x86.ActiveCfg = Debug|Win32
		{44DC1D9A-D091-48F5-88C6-9E69A1B86BD2}.Debug|x86.Build.0 = Debug|Win32
		{44DC1D9A-D091-48F5-88C6-9E69A1B86BD2}.Release|x64.ActiveCfg = Release|x64
		{44DC1D9A-D091-48F5-88C6-9E69A1B86BD2}.Release|x64.Build.0 = Release|x64
		{44DC1D9A-D091-48F5-88C6-9E69A1B86BD2}.Release|x86.ActiveCfg = Release|Win32
		{44DC1D9A-D091-48F5-88C6-9E69A1B86BD2}.Release|x86.Build.0 = Release|Win32
	EndGlobalSection
	GlobalSection(SolutionProperties) = preSolution
		HideSolutionNode = FALSE
	EndGlobalSection
	GlobalSection(ExtensibilityGlobals) = postSolution
		SolutionGuid = {B326C065-9EFD-47E2-8148-DB302B0F06B8}
	EndGlobalSection
EndGlobal
